// !$*UTF8*$!
{
	archiveVersion = 1;
	classes = {
	};
	objectVersion = 46;
	objects = {

/* Begin PBXBuildFile section */
		5889387C1C30E16F00C4420C /* main.m in Sources */ = {isa = PBXBuildFile; fileRef = 5889387B1C30E16F00C4420C /* main.m */; };
		5889387F1C30E17000C4420C /* AppDelegate.m in Sources */ = {isa = PBXBuildFile; fileRef = 5889387E1C30E17000C4420C /* AppDelegate.m */; };
		588938821C30E17000C4420C /* ViewController.m in Sources */ = {isa = PBXBuildFile; fileRef = 588938811C30E17000C4420C /* ViewController.m */; };
		588938851C30E17000C4420C /* Main.storyboard in Resources */ = {isa = PBXBuildFile; fileRef = 588938831C30E17000C4420C /* Main.storyboard */; };
		588938881C30E17000C4420C /* MorningWeather.xcdatamodeld in Sources */ = {isa = PBXBuildFile; fileRef = 588938861C30E17000C4420C /* MorningWeather.xcdatamodeld */; };
		5889388A1C30E17000C4420C /* Assets.xcassets in Resources */ = {isa = PBXBuildFile; fileRef = 588938891C30E17000C4420C /* Assets.xcassets */; };
		5889388D1C30E17000C4420C /* LaunchScreen.storyboard in Resources */ = {isa = PBXBuildFile; fileRef = 5889388B1C30E17000C4420C /* LaunchScreen.storyboard */; };
/* End PBXBuildFile section */

/* Begin PBXFileReference section */
		588938771C30E16F00C4420C /* MorningWeather.app */ = {isa = PBXFileReference; explicitFileType = wrapper.application; includeInIndex = 0; path = MorningWeather.app; sourceTree = BUILT_PRODUCTS_DIR; };
		5889387B1C30E16F00C4420C /* main.m */ = {isa = PBXFileReference; lastKnownFileType = sourcecode.c.objc; path = main.m; sourceTree = "<group>"; };
		5889387D1C30E16F00C4420C /* AppDelegate.h */ = {isa = PBXFileReference; lastKnownFileType = sourcecode.c.h; path = AppDelegate.h; sourceTree = "<group>"; };
		5889387E1C30E17000C4420C /* AppDelegate.m */ = {isa = PBXFileReference; lastKnownFileType = sourcecode.c.objc; path = AppDelegate.m; sourceTree = "<group>"; };
		588938801C30E17000C4420C /* ViewController.h */ = {isa = PBXFileReference; lastKnownFileType = sourcecode.c.h; path = ViewController.h; sourceTree = "<group>"; };
		588938811C30E17000C4420C /* ViewController.m */ = {isa = PBXFileReference; lastKnownFileType = sourcecode.c.objc; path = ViewController.m; sourceTree = "<group>"; };
		588938841C30E17000C4420C /* Base */ = {isa = PBXFileReference; lastKnownFileType = file.storyboard; name = Base; path = Base.lproj/Main.storyboard; sourceTree = "<group>"; };
		588938871C30E17000C4420C /* MorningWeather.xcdatamodel */ = {isa = PBXFileReference; lastKnownFileType = wrapper.xcdatamodel; path = MorningWeather.xcdatamodel; sourceTree = "<group>"; };
		588938891C30E17000C4420C /* Assets.xcassets */ = {isa = PBXFileReference; lastKnownFileType = folder.assetcatalog; path = Assets.xcassets; sourceTree = "<group>"; };
		5889388C1C30E17000C4420C /* Base */ = {isa = PBXFileReference; lastKnownFileType = file.storyboard; name = Base; path = Base.lproj/LaunchScreen.storyboard; sourceTree = "<group>"; };
		5889388E1C30E17000C4420C /* Info.plist */ = {isa = PBXFileReference; lastKnownFileType = text.plist.xml; path = Info.plist; sourceTree = "<group>"; };
/* End PBXFileReference section */

/* Begin PBXFrameworksBuildPhase section */
		588938741C30E16F00C4420C /* Frameworks */ = {
			isa = PBXFrameworksBuildPhase;
			buildActionMask = 2147483647;
			files = (
			);
			runOnlyForDeploymentPostprocessing = 0;
		};
/* End PBXFrameworksBuildPhase section */

/* Begin PBXGroup section */
		5889386E1C30E16F00C4420C = {
			isa = PBXGroup;
			children = (
				588938791C30E16F00C4420C /* MorningWeather */,
				588938781C30E16F00C4420C /* Products */,
			);
			sourceTree = "<group>";
		};
		588938781C30E16F00C4420C /* Products */ = {
			isa = PBXGroup;
			children = (
				588938771C30E16F00C4420C /* MorningWeather.app */,
			);
			name = Products;
			sourceTree = "<group>";
		};
		588938791C30E16F00C4420C /* MorningWeather */ = {
			isa = PBXGroup;
			children = (
				5889387D1C30E16F00C4420C /* AppDelegate.h */,
				5889387E1C30E17000C4420C /* AppDelegate.m */,
				588938801C30E17000C4420C /* ViewController.h */,
				588938811C30E17000C4420C /* ViewController.m */,
				588938831C30E17000C4420C /* Main.storyboard */,
				588938891C30E17000C4420C /* Assets.xcassets */,
				5889388B1C30E17000C4420C /* LaunchScreen.storyboard */,
				5889388E1C30E17000C4420C /* Info.plist */,
				588938861C30E17000C4420C /* MorningWeather.xcdatamodeld */,
				5889387A1C30E16F00C4420C /* Supporting Files */,
			);
			path = MorningWeather;
			sourceTree = "<group>";
		};
		5889387A1C30E16F00C4420C /* Supporting Files */ = {
			isa = PBXGroup;
			children = (
				5889387B1C30E16F00C4420C /* main.m */,
			);
			name = "Supporting Files";
			sourceTree = "<group>";
		};
/* End PBXGroup section */

/* Begin PBXNativeTarget section */
		588938761C30E16F00C4420C /* MorningWeather */ = {
			isa = PBXNativeTarget;
			buildConfigurationList = 588938911C30E17000C4420C /* Build configuration list for PBXNativeTarget "MorningWeather" */;
			buildPhases = (
				588938731C30E16F00C4420C /* Sources */,
				588938741C30E16F00C4420C /* Frameworks */,
				588938751C30E16F00C4420C /* Resources */,
			);
			buildRules = (
			);
			dependencies = (
			);
			name = MorningWeather;
			productName = MorningWeather;
			productReference = 588938771C30E16F00C4420C /* MorningWeather.app */;
			productType = "com.apple.product-type.application";
		};
/* End PBXNativeTarget section */

/* Begin PBXProject section */
		5889386F1C30E16F00C4420C /* Project object */ = {
			isa = PBXProject;
			attributes = {
				LastUpgradeCheck = 0700;
				ORGANIZATIONNAME = ChaosPlanes;
				TargetAttributes = {
					588938761C30E16F00C4420C = {
						CreatedOnToolsVersion = 7.0;
						DevelopmentTeam = JQDN52T463;
					};
				};
			};
			buildConfigurationList = 588938721C30E16F00C4420C /* Build configuration list for PBXProject "MorningWeather" */;
			compatibilityVersion = "Xcode 3.2";
			developmentRegion = English;
			hasScannedForEncodings = 0;
			knownRegions = (
				en,
				Base,
			);
			mainGroup = 5889386E1C30E16F00C4420C;
			productRefGroup = 588938781C30E16F00C4420C /* Products */;
			projectDirPath = "";
			projectRoot = "";
			targets = (
				588938761C30E16F00C4420C /* MorningWeather */,
			);
		};
/* End PBXProject section */

/* Begin PBXResourcesBuildPhase section */
		588938751C30E16F00C4420C /* Resources */ = {
			isa = PBXResourcesBuildPhase;
			buildActionMask = 2147483647;
			files = (
				5889388D1C30E17000C4420C /* LaunchScreen.storyboard in Resources */,
				5889388A1C30E17000C4420C /* Assets.xcassets in Resources */,
				588938851C30E17000C4420C /* Main.storyboard in Resources */,
			);
			runOnlyForDeploymentPostprocessing = 0;
		};
/* End PBXResourcesBuildPhase section */

/* Begin PBXSourcesBuildPhase section */
		588938731C30E16F00C4420C /* Sources */ = {
			isa = PBXSourcesBuildPhase;
			buildActionMask = 2147483647;
			files = (
				588938821C30E17000C4420C /* ViewController.m in Sources */,
				588938881C30E17000C4420C /* MorningWeather.xcdatamodeld in Sources */,
				5889387F1C30E17000C4420C /* AppDelegate.m in Sources */,
				5889387C1C30E16F00C4420C /* main.m in Sources */,
			);
			runOnlyForDeploymentPostprocessing = 0;
		};
/* End PBXSourcesBuildPhase section */

/* Begin PBXVariantGroup section */
		588938831C30E17000C4420C /* Main.storyboard */ = {
			isa = PBXVariantGroup;
			children = (
				588938841C30E17000C4420C /* Base */,
			);
			name = Main.storyboard;
			sourceTree = "<group>";
		};
		5889388B1C30E17000C4420C /* LaunchScreen.storyboard */ = {
			isa = PBXVariantGroup;
			children = (
				5889388C1C30E17000C4420C /* Base */,
			);
			name = LaunchScreen.storyboard;
			sourceTree = "<group>";
		};
/* End PBXVariantGroup section */

/* Begin XCBuildConfiguration section */
		5889388F1C30E17000C4420C /* Debug */ = {
			isa = XCBuildConfiguration;
			buildSettings = {
				ALWAYS_SEARCH_USER_PATHS = NO;
				CLANG_CXX_LANGUAGE_STANDARD = "gnu++0x";
				CLANG_CXX_LIBRARY = "libc++";
				CLANG_ENABLE_MODULES = YES;
				CLANG_ENABLE_OBJC_ARC = YES;
				CLANG_WARN_BOOL_CONVERSION = YES;
				CLANG_WARN_CONSTANT_CONVERSION = YES;
				CLANG_WARN_DIRECT_OBJC_ISA_USAGE = YES_ERROR;
				CLANG_WARN_EMPTY_BODY = YES;
				CLANG_WARN_ENUM_CONVERSION = YES;
				CLANG_WARN_INT_CONVERSION = YES;
				CLANG_WARN_OBJC_ROOT_CLASS = YES_ERROR;
				CLANG_WARN_UNREACHABLE_CODE = YES;
				CLANG_WARN__DUPLICATE_METHOD_MATCH = YES;
				"CODE_SIGN_IDENTITY[sdk=iphoneos*]" = "iPhone Developer";
				COPY_PHASE_STRIP = NO;
				DEBUG_INFORMATION_FORMAT = dwarf;
				ENABLE_STRICT_OBJC_MSGSEND = YES;
				ENABLE_TESTABILITY = YES;
				GCC_C_LANGUAGE_STANDARD = gnu99;
				GCC_DYNAMIC_NO_PIC = NO;
				GCC_NO_COMMON_BLOCKS = YES;
				GCC_OPTIMIZATION_LEVEL = 0;
				GCC_PREPROCESSOR_DEFINITIONS = (
					"DEBUG=1",
					"$(inherited)",
				);
				GCC_WARN_64_TO_32_BIT_CONVERSION = YES;
				GCC_WARN_ABOUT_RETURN_TYPE = YES_ERROR;
				GCC_WARN_UNDECLARED_SELECTOR = YES;
				GCC_WARN_UNINITIALIZED_AUTOS = YES_AGGRESSIVE;
				GCC_WARN_UNUSED_FUNCTION = YES;
				GCC_WARN_UNUSED_VARIABLE = YES;
				IPHONEOS_DEPLOYMENT_TARGET = 9.0;
				MTL_ENABLE_DEBUG_INFO = YES;
				ONLY_ACTIVE_ARCH = YES;
				SDKROOT = iphoneos;
			};
			name = Debug;
		};
		588938901C30E17000C4420C /* Release */ = {
			isa = XCBuildConfiguration;
			buildSettings = {
				ALWAYS_SEARCH_USER_PATHS = NO;
				CLANG_CXX_LANGUAGE_STANDARD = "gnu++0x";
				CLANG_CXX_LIBRARY = "libc++";
				CLANG_ENABLE_MODULES = YES;
				CLANG_ENABLE_OBJC_ARC = YES;
				CLANG_WARN_BOOL_CONVERSION = YES;
				CLANG_WARN_CONSTANT_CONVERSION = YES;
				CLANG_WARN_DIRECT_OBJC_ISA_USAGE = YES_ERROR;
				CLANG_WARN_EMPTY_BODY = YES;
				CLANG_WARN_ENUM_CONVERSION = YES;
				CLANG_WARN_INT_CONVERSION = YES;
				CLANG_WARN_OBJC_ROOT_CLASS = YES_ERROR;
				CLANG_WARN_UNREACHABLE_CODE = YES;
				CLANG_WARN__DUPLICATE_METHOD_MATCH = YES;
				"CODE_SIGN_IDENTITY[sdk=iphoneos*]" = "iPhone Developer";
				COPY_PHASE_STRIP = NO;
				DEBUG_INFORMATION_FORMAT = "dwarf-with-dsym";
				ENABLE_NS_ASSERTIONS = NO;
				ENABLE_STRICT_OBJC_MSGSEND = YES;
				GCC_C_LANGUAGE_STANDARD = gnu99;
				GCC_NO_COMMON_BLOCKS = YES;
				GCC_WARN_64_TO_32_BIT_CONVERSION = YES;
				GCC_WARN_ABOUT_RETURN_TYPE = YES_ERROR;
				GCC_WARN_UNDECLARED_SELECTOR = YES;
				GCC_WARN_UNINITIALIZED_AUTOS = YES_AGGRESSIVE;
				GCC_WARN_UNUSED_FUNCTION = YES;
				GCC_WARN_UNUSED_VARIABLE = YES;
				IPHONEOS_DEPLOYMENT_TARGET = 9.0;
				MTL_ENABLE_DEBUG_INFO = NO;
				SDKROOT = iphoneos;
				VALIDATE_PRODUCT = YES;
			};
			name = Release;
		};
		588938921C30E17000C4420C /* Debug */ = {
			isa = XCBuildConfiguration;
			buildSettings = {
				ASSETCATALOG_COMPILER_APPICON_NAME = AppIcon;
				INFOPLIST_FILE = MorningWeather/Info.plist;
				LD_RUNPATH_SEARCH_PATHS = "$(inherited) @executable_path/Frameworks";
				PRODUCT_BUNDLE_IDENTIFIER = Exile.MorningWeather;
				PRODUCT_NAME = "$(TARGET_NAME)";
			};
			name = Debug;
		};
		588938931C30E17000C4420C /* Release */ = {
			isa = XCBuildConfiguration;
			buildSettings = {
				ASSETCATALOG_COMPILER_APPICON_NAME = AppIcon;
				INFOPLIST_FILE = MorningWeather/Info.plist;
				LD_RUNPATH_SEARCH_PATHS = "$(inherited) @executable_path/Frameworks";
				PRODUCT_BUNDLE_IDENTIFIER = Exile.MorningWeather;
				PRODUCT_NAME = "$(TARGET_NAME)";
			};
			name = Release;
		};
/* End XCBuildConfiguration section */

/* Begin XCConfigurationList section */
		588938721C30E16F00C4420C /* Build configuration list for PBXProject "MorningWeather" */ = {
			isa = XCConfigurationList;
			buildConfigurations = (
				5889388F1C30E17000C4420C /* Debug */,
				588938901C30E17000C4420C /* Release */,
			);
			defaultConfigurationIsVisible = 0;
			defaultConfigurationName = Release;
		};
		588938911C30E17000C4420C /* Build configuration list for PBXNativeTarget "MorningWeather" */ = {
			isa = XCConfigurationList;
			buildConfigurations = (
				588938921C30E17000C4420C /* Debug */,
				588938931C30E17000C4420C /* Release */,
			);
			defaultConfigurationIsVisible = 0;
		};
/* End XCConfigurationList section */

/* Begin XCVersionGroup section */
		588938861C30E17000C4420C /* MorningWeather.xcdatamodeld */ = {
			isa = XCVersionGroup;
			children = (
				588938871C30E17000C4420C /* MorningWeather.xcdatamodel */,
			);
			currentVersion = 588938871C30E17000C4420C /* MorningWeather.xcdatamodel */;
			path = MorningWeather.xcdatamodeld;
			sourceTree = "<group>";
			versionGroupType = wrapper.xcdatamodel;
		};
/* End XCVersionGroup section */
	};
	rootObject = 5889386F1C30E16F00C4420C /* Project object */;
}
